
Microsoft Visual Studio Solution File, Format Version 12.00
# Visual Studio Version 16
VisualStudioVersion = 16.0.29326.143
MinimumVisualStudioVersion = 10.0.40219.1
Project("{9A19103F-16F7-4668-BE54-9A1E7A4F7556}") = "Cash", "Cash.csproj", "{7DD309E2-1659-4FF0-BBC2-A386D31B8478}"
EndProject
Global
	GlobalSection(SolutionConfigurationPlatforms) = preSolution
		Debug|Any CPU = Debug|Any CPU
		Release|Any CPU = Release|Any CPU
	EndGlobalSection
	GlobalSection(ProjectConfigurationPlatforms) = postSolution
		{7DD309E2-1659-4FF0-BBC2-A386D31B8478}.Debug|Any CPU.ActiveCfg = Debug|Any CPU
		{7DD309E2-1659-4FF0-BBC2-A386D31B8478}.Debug|Any CPU.Build.0 = Debug|Any CPU
		{7DD309E2-1659-4FF0-BBC2-A386D31B8478}.Release|Any CPU.ActiveCfg = Release|Any CPU
		{7DD309E2-1659-4FF0-BBC2-A386D31B8478}.Release|Any CPU.Build.0 = Release|Any CPU
	EndGlobalSection
	GlobalSection(SolutionProperties) = preSolution
		HideSolutionNode = FALSE
	EndGlobalSection
	GlobalSection(ExtensibilityGlobals) = postSolution
		SolutionGuid = {E5490A20-C6BA-4929-B4EF-D039E91E55B2}
	EndGlobalSection
EndGlobal
